# This file is automatically @generated by Cargo.
# It is not intended for manual editing.
version = 3

[[package]]
name = "libraire"
version = "0.1.0"

[[package]]
name = "script1"
version = "0.1.0"
dependencies = [
 "libraire",
]

[[package]]
name = "script2"
version = "0.1.0"
dependencies = [
 "libraire",
]
